<?xml version="1.0" encoding="utf-8"?>
<Project ToolsVersion="4.0" xmlns="http://schemas.microsoft.com/developer/msbuild/2003">
  <ItemGroup>
    <Filter Include="资源文件">
      <UniqueIdentifier>{67DA6AB6-F800-4c08-8B7A-83BB121AAD01}</UniqueIdentifier>
      <Extensions>rc;ico;cur;bmp;dlg;rc2;rct;bin;rgs;gif;jpg;jpeg;jpe;resx;tiff;tif;png;wav;mfcribbon-ms</Extensions>
    </Filter>
    <Filter Include="2.implement">
      <UniqueIdentifier>{4FC737F1-C7A5-4376-A066-2A32D752A2FF}</UniqueIdentifier>
      <Extensions>cpp;c;cc;cxx;def;odl;idl;hpj;bat;asm;asmx</Extensions>
    </Filter>
    <Filter Include="0.public">
      <UniqueIdentifier>{652edd48-787d-4fa2-95f2-698adaccff02}</UniqueIdentifier>
    </Filter>
    <Filter Include="1.dll">
      <UniqueIdentifier>{93995380-89BD-4b04-88EB-625FBE52EBFB}</UniqueIdentifier>
      <Extensions>h;hh;hpp;hxx;hm;inl;inc;ipp;xsd</Extensions>
    </Filter>
  </ItemGroup>
  <ItemGroup>
    <ClInclude Include="rampool_imp.h">
      <Filter>2.implement</Filter>
    </ClInclude>
    <ClInclude Include="block.h">
      <Filter>2.implement</Filter>
    </ClInclude>
    <ClInclude Include="slot.h">
      <Filter>2.implement</Filter>
    </ClInclude>
    <ClInclude Include="stdafx.h">
      <Filter>1.dll</Filter>
    </ClInclude>
    <ClInclude Include="pool.h">
      <Filter>2.implement</Filter>
    </ClInclude>
    <ClInclude Include="rampool.h">
      <Filter>0.public</Filter>
    </ClInclude>
    <ClInclude Include="stack.h">
      <Filter>2.implement</Filter>
    </ClInclude>
    <ClInclude Include="spin.h">
      <Filter>2.implement</Filter>
    </ClInclude>
    <ClInclude Include="rampool_mt.h">
      <Filter>2.implement</Filter>
    </ClInclude>
  </ItemGroup>
  <ItemGroup>
    <ClCompile Include="rampool_imp.cpp">
      <Filter>2.implement</Filter>
    </ClCompile>
    <ClCompile Include="dllmain.cpp">
      <Filter>1.dll</Filter>
    </ClCompile>
    <ClCompile Include="block.cpp">
      <Filter>2.implement</Filter>
    </ClCompile>
    <ClCompile Include="stdafx.cpp">
      <Filter>1.dll</Filter>
    </ClCompile>
    <ClCompile Include="pool.cpp">
      <Filter>2.implement</Filter>
    </ClCompile>
    <ClCompile Include="rampool.cpp">
      <Filter>2.implement</Filter>
    </ClCompile>
    <ClCompile Include="rampool_mt.cpp">
      <Filter>2.implement</Filter>
    </ClCompile>
  </ItemGroup>
</Project>